
Microsoft Visual Studio Solution File, Format Version 12.00
# Visual Studio 2013
VisualStudioVersion = 12.0.31101.0
MinimumVisualStudioVersion = 10.0.40219.1
Project("{8BC9CEB8-8B4A-11D0-8D11-00A0C91BC942}") = "DffImporter", "DffImporter\DffImporter.vcxproj", "{66DF8F3D-8968-4267-851F-D69C321ECA77}"
EndProject
Project("{8BC9CEB8-8B4A-11D0-8D11-00A0C91BC942}") = "DffExporter", "DffExporter\DffExporter.vcxproj", "{C1056371-0FF2-4F52-9D44-7CA7683060E8}"
EndProject
Global
	GlobalSection(TeamFoundationVersionControl) = preSolution
		SccNumberOfProjects = 3
		SccEnterpriseProvider = {4CA58AB2-18FA-4F8D-95D4-32DDF27D184C}
		SccTeamFoundationServer = https://tfs.codeplex.com/tfs/tfs19
		SccLocalPath0 = .
		SccProjectUniqueName1 = DffExporter\\DffExporter.vcxproj
		SccProjectName1 = DffExporter
		SccLocalPath1 = DffExporter
		SccProjectUniqueName2 = DffImporter\\DffImporter.vcxproj
		SccProjectName2 = DffImporter
		SccLocalPath2 = DffImporter
	EndGlobalSection
	GlobalSection(SolutionConfigurationPlatforms) = preSolution
		3dsMax2012|Win32 = 3dsMax2012|Win32
		3dsMax2012|x64 = 3dsMax2012|x64
		3dsMax2013|Win32 = 3dsMax2013|Win32
		3dsMax2013|x64 = 3dsMax2013|x64
		Debug|Win32 = Debug|Win32
		Debug|x64 = Debug|x64
		Release|Win32 = Release|Win32
		Release|x64 = Release|x64
	EndGlobalSection
	GlobalSection(ProjectConfigurationPlatforms) = postSolution
		{66DF8F3D-8968-4267-851F-D69C321ECA77}.3dsMax2012|Win32.ActiveCfg = 3dsMax2012|Win32
		{66DF8F3D-8968-4267-851F-D69C321ECA77}.3dsMax2012|Win32.Build.0 = 3dsMax2012|Win32
		{66DF8F3D-8968-4267-851F-D69C321ECA77}.3dsMax2012|x64.ActiveCfg = 3dsMax2012|x64
		{66DF8F3D-8968-4267-851F-D69C321ECA77}.3dsMax2012|x64.Build.0 = 3dsMax2012|x64
		{66DF8F3D-8968-4267-851F-D69C321ECA77}.3dsMax2013|Win32.ActiveCfg = 3dsMax2013|Win32
		{66DF8F3D-8968-4267-851F-D69C321ECA77}.3dsMax2013|Win32.Build.0 = 3dsMax2013|Win32
		{66DF8F3D-8968-4267-851F-D69C321ECA77}.3dsMax2013|x64.ActiveCfg = 3dsMax2013|x64
		{66DF8F3D-8968-4267-851F-D69C321ECA77}.3dsMax2013|x64.Build.0 = 3dsMax2013|x64
		{66DF8F3D-8968-4267-851F-D69C321ECA77}.Debug|Win32.ActiveCfg = Debug|Win32
		{66DF8F3D-8968-4267-851F-D69C321ECA77}.Debug|Win32.Build.0 = Debug|Win32
		{66DF8F3D-8968-4267-851F-D69C321ECA77}.Debug|x64.ActiveCfg = Debug|x64
		{66DF8F3D-8968-4267-851F-D69C321ECA77}.Debug|x64.Build.0 = Debug|x64
		{66DF8F3D-8968-4267-851F-D69C321ECA77}.Release|Win32.ActiveCfg = Release|Win32
		{66DF8F3D-8968-4267-851F-D69C321ECA77}.Release|Win32.Build.0 = Release|Win32
		{66DF8F3D-8968-4267-851F-D69C321ECA77}.Release|x64.ActiveCfg = Release|x64
		{66DF8F3D-8968-4267-851F-D69C321ECA77}.Release|x64.Build.0 = Release|x64
		{C1056371-0FF2-4F52-9D44-7CA7683060E8}.3dsMax2012|Win32.ActiveCfg = 3dsmax2012|Win32
		{C1056371-0FF2-4F52-9D44-7CA7683060E8}.3dsMax2012|Win32.Build.0 = 3dsmax2012|Win32
		{C1056371-0FF2-4F52-9D44-7CA7683060E8}.3dsMax2012|x64.ActiveCfg = 3dsmax2012|x64
		{C1056371-0FF2-4F52-9D44-7CA7683060E8}.3dsMax2012|x64.Build.0 = 3dsmax2012|x64
		{C1056371-0FF2-4F52-9D44-7CA7683060E8}.3dsMax2013|Win32.ActiveCfg = 3dsMax2013|Win32
		{C1056371-0FF2-4F52-9D44-7CA7683060E8}.3dsMax2013|Win32.Build.0 = 3dsMax2013|Win32
		{C1056371-0FF2-4F52-9D44-7CA7683060E8}.3dsMax2013|x64.ActiveCfg = 3dsMax2013|x64
		{C1056371-0FF2-4F52-9D44-7CA7683060E8}.3dsMax2013|x64.Build.0 = 3dsMax2013|x64
		{C1056371-0FF2-4F52-9D44-7CA7683060E8}.Debug|Win32.ActiveCfg = Debug|Win32
		{C1056371-0FF2-4F52-9D44-7CA7683060E8}.Debug|Win32.Build.0 = Debug|Win32
		{C1056371-0FF2-4F52-9D44-7CA7683060E8}.Debug|x64.ActiveCfg = Debug|x64
		{C1056371-0FF2-4F52-9D44-7CA7683060E8}.Debug|x64.Build.0 = Debug|x64
		{C1056371-0FF2-4F52-9D44-7CA7683060E8}.Release|Win32.ActiveCfg = Release|Win32
		{C1056371-0FF2-4F52-9D44-7CA7683060E8}.Release|Win32.Build.0 = Release|Win32
		{C1056371-0FF2-4F52-9D44-7CA7683060E8}.Release|x64.ActiveCfg = Release|x64
		{C1056371-0FF2-4F52-9D44-7CA7683060E8}.Release|x64.Build.0 = Release|x64
	EndGlobalSection
	GlobalSection(SolutionProperties) = preSolution
		HideSolutionNode = FALSE
	EndGlobalSection
EndGlobal
